
Microsoft Visual Studio Solution File, Format Version 12.00
# Visual Studio Version 17
VisualStudioVersion = 17.3.32929.385
MinimumVisualStudioVersion = 10.0.40219.1
Project("{FAE04EC0-301F-11D3-BF4B-00C04F79EFBC}") = "KateOwnBancomat", "KateOwnBancomat\KateOwnBancomat.csproj", "{07F2CACF-62A4-4ADA-BE1B-26FAFEE493AF}"
EndProject
Global
	GlobalSection(SolutionConfigurationPlatforms) = preSolution
		Debug|Any CPU = Debug|Any CPU
		Release|Any CPU = Release|Any CPU
	EndGlobalSection
	GlobalSection(ProjectConfigurationPlatforms) = postSolution
		{07F2CACF-62A4-4ADA-BE1B-26FAFEE493AF}.Debug|Any CPU.ActiveCfg = Debug|Any CPU
		{07F2CACF-62A4-4ADA-BE1B-26FAFEE493AF}.Debug|Any CPU.Build.0 = Debug|Any CPU
		{07F2CACF-62A4-4ADA-BE1B-26FAFEE493AF}.Release|Any CPU.ActiveCfg = Release|Any CPU
		{07F2CACF-62A4-4ADA-BE1B-26FAFEE493AF}.Release|Any CPU.Build.0 = Release|Any CPU
	EndGlobalSection
	GlobalSection(SolutionProperties) = preSolution
		HideSolutionNode = FALSE
	EndGlobalSection
	GlobalSection(ExtensibilityGlobals) = postSolution
		SolutionGuid = {09ACA157-85C7-49DB-8EEF-1B50AED76D06}
	EndGlobalSection
EndGlobal
